{
  "name": "create-next-example-app",
  "requires": true,
  "lockfileVersion": 1,
  "dependencies": {
    "keycloak-js": {
      "version": "4.5.0",
      "resolved": "https://registry.npmjs.org/keycloak-js/-/keycloak-js-4.5.0.tgz",
      "integrity": "sha512-50F1TtVzcxEuq99S3gNNIAS/n+BFTQIk+aJxoF3DtgFy4yDAJ+Sa0G62LFRU2A+MS6rL23T7t6p/yrgK4ktH+Q=="
    }
  }
}
